
Microsoft Visual Studio Solution File, Format Version 12.00
# Visual Studio Version 16
VisualStudioVersion = 16.0.30709.132
MinimumVisualStudioVersion = 10.0.40219.1
Project("{9A19103F-16F7-4668-BE54-9A1E7A4F7556}") = "Creational.FactoryPattern", "Creational.FactoryPattern\Creational.FactoryPattern.csproj", "{CBC98B74-0A34-45FA-AA99-5EC6810C41FA}"
EndProject
Project("{9A19103F-16F7-4668-BE54-9A1E7A4F7556}") = "Creational.AbstractFactory", "Creational.AbstractFactory\Creational.AbstractFactory.csproj", "{3505EF43-8294-44B5-97BC-041D3A55C6C9}"
EndProject
Project("{9A19103F-16F7-4668-BE54-9A1E7A4F7556}") = "Creational.Builder", "Creational.Builder\Creational.Builder.csproj", "{60326FFB-81F5-4F69-B25F-A74474B66E2C}"
EndProject
Project("{FAE04EC0-301F-11D3-BF4B-00C04F79EFBC}") = "Creational.Prototype", "Creational.Prototype\Creational.Prototype.csproj", "{EE26959E-2FC4-4B5F-B0A6-970287CF0E50}"
EndProject
Global
	GlobalSection(SolutionConfigurationPlatforms) = preSolution
		Debug|Any CPU = Debug|Any CPU
		Release|Any CPU = Release|Any CPU
	EndGlobalSection
	GlobalSection(ProjectConfigurationPlatforms) = postSolution
		{CBC98B74-0A34-45FA-AA99-5EC6810C41FA}.Debug|Any CPU.ActiveCfg = Debug|Any CPU
		{CBC98B74-0A34-45FA-AA99-5EC6810C41FA}.Debug|Any CPU.Build.0 = Debug|Any CPU
		{CBC98B74-0A34-45FA-AA99-5EC6810C41FA}.Release|Any CPU.ActiveCfg = Release|Any CPU
		{CBC98B74-0A34-45FA-AA99-5EC6810C41FA}.Release|Any CPU.Build.0 = Release|Any CPU
		{3505EF43-8294-44B5-97BC-041D3A55C6C9}.Debug|Any CPU.ActiveCfg = Debug|Any CPU
		{3505EF43-8294-44B5-97BC-041D3A55C6C9}.Debug|Any CPU.Build.0 = Debug|Any CPU
		{3505EF43-8294-44B5-97BC-041D3A55C6C9}.Release|Any CPU.ActiveCfg = Release|Any CPU
		{3505EF43-8294-44B5-97BC-041D3A55C6C9}.Release|Any CPU.Build.0 = Release|Any CPU
		{60326FFB-81F5-4F69-B25F-A74474B66E2C}.Debug|Any CPU.ActiveCfg = Debug|Any CPU
		{60326FFB-81F5-4F69-B25F-A74474B66E2C}.Debug|Any CPU.Build.0 = Debug|Any CPU
		{60326FFB-81F5-4F69-B25F-A74474B66E2C}.Release|Any CPU.ActiveCfg = Release|Any CPU
		{60326FFB-81F5-4F69-B25F-A74474B66E2C}.Release|Any CPU.Build.0 = Release|Any CPU
		{EE26959E-2FC4-4B5F-B0A6-970287CF0E50}.Debug|Any CPU.ActiveCfg = Debug|Any CPU
		{EE26959E-2FC4-4B5F-B0A6-970287CF0E50}.Debug|Any CPU.Build.0 = Debug|Any CPU
		{EE26959E-2FC4-4B5F-B0A6-970287CF0E50}.Release|Any CPU.ActiveCfg = Release|Any CPU
		{EE26959E-2FC4-4B5F-B0A6-970287CF0E50}.Release|Any CPU.Build.0 = Release|Any CPU
	EndGlobalSection
	GlobalSection(SolutionProperties) = preSolution
		HideSolutionNode = FALSE
	EndGlobalSection
	GlobalSection(ExtensibilityGlobals) = postSolution
		SolutionGuid = {AA836AE9-8F82-4C74-91DF-C7226467ABDA}
	EndGlobalSection
EndGlobal
